
Microsoft Visual Studio Solution File, Format Version 12.00
# Visual Studio Version 17
VisualStudioVersion = 17.2.32630.192
MinimumVisualStudioVersion = 10.0.40219.1
Project("{FAE04EC0-301F-11D3-BF4B-00C04F79EFBC}") = "ConsoleApp test", "ConsoleApp test.csproj", "{46F8AEC5-C214-4C58-A648-A0BD2E813E4C}"
EndProject
Global
	GlobalSection(SolutionConfigurationPlatforms) = preSolution
		Debug|Any CPU = Debug|Any CPU
		Release|Any CPU = Release|Any CPU
	EndGlobalSection
	GlobalSection(ProjectConfigurationPlatforms) = postSolution
		{46F8AEC5-C214-4C58-A648-A0BD2E813E4C}.Debug|Any CPU.ActiveCfg = Debug|Any CPU
		{46F8AEC5-C214-4C58-A648-A0BD2E813E4C}.Debug|Any CPU.Build.0 = Debug|Any CPU
		{46F8AEC5-C214-4C58-A648-A0BD2E813E4C}.Release|Any CPU.ActiveCfg = Release|Any CPU
		{46F8AEC5-C214-4C58-A648-A0BD2E813E4C}.Release|Any CPU.Build.0 = Release|Any CPU
	EndGlobalSection
	GlobalSection(SolutionProperties) = preSolution
		HideSolutionNode = FALSE
	EndGlobalSection
	GlobalSection(ExtensibilityGlobals) = postSolution
		SolutionGuid = {5B8007E7-3854-4F91-8A3C-76C8CBEBBFA6}
	EndGlobalSection
EndGlobal
